// !$*UTF8*$!
{
	archiveVersion = 1;
	classes = {
	};
	objectVersion = 46;
	objects = {

/* Begin PBXBuildFile section */
		61AD08091EAE5952005DC7FD /* TopicsTableViewCellTests.swift in Sources */ = {isa = PBXBuildFile; fileRef = 61AD08081EAE5952005DC7FD /* TopicsTableViewCellTests.swift */; };
		61AD080B1EAE59AC005DC7FD /* UIView.swift in Sources */ = {isa = PBXBuildFile; fileRef = 61AD080A1EAE59AC005DC7FD /* UIView.swift */; };
		61AD080D1EAE5BA1005DC7FD /* TopicsViewModelTests.swift in Sources */ = {isa = PBXBuildFile; fileRef = 61AD080C1EAE5BA1005DC7FD /* TopicsViewModelTests.swift */; };
		61AD080F1EAE67E4005DC7FD /* TopicsTableViewCellModelTests.swift in Sources */ = {isa = PBXBuildFile; fileRef = 61AD080E1EAE67E4005DC7FD /* TopicsTableViewCellModelTests.swift */; };
		61C276631EAE40AB0080A1D8 /* AppDelegate.swift in Sources */ = {isa = PBXBuildFile; fileRef = 61C276621EAE40AB0080A1D8 /* AppDelegate.swift */; };
		61C276831EAE40AB0080A1D8 /* DiggRedditUITests.swift in Sources */ = {isa = PBXBuildFile; fileRef = 61C276821EAE40AB0080A1D8 /* DiggRedditUITests.swift */; };
		61C276981EAE410C0080A1D8 /* Assets.xcassets in Resources */ = {isa = PBXBuildFile; fileRef = 61C276941EAE410C0080A1D8 /* Assets.xcassets */; };
		61C2769A1EAE42C50080A1D8 /* Topics.storyboard in Resources */ = {isa = PBXBuildFile; fileRef = 61C276991EAE42C50080A1D8 /* Topics.storyboard */; };
		61C2769E1EAE44760080A1D8 /* Topic.swift in Sources */ = {isa = PBXBuildFile; fileRef = 61C2769D1EAE44760080A1D8 /* Topic.swift */; };
		61C276A81EAE45D40080A1D8 /* Constant.swift in Sources */ = {isa = PBXBuildFile; fileRef = 61C276A71EAE45D40080A1D8 /* Constant.swift */; };
		61C276AA1EAE4B340080A1D8 /* LocalizedString.swift in Sources */ = {isa = PBXBuildFile; fileRef = 61C276A91EAE4B340080A1D8 /* LocalizedString.swift */; };
		61C276AF1EAE4CEE0080A1D8 /* UITableView.swift in Sources */ = {isa = PBXBuildFile; fileRef = 61C276AE1EAE4CEE0080A1D8 /* UITableView.swift */; };
		61C276B51EAE4D910080A1D8 /* TopicsTableViewCell.swift in Sources */ = {isa = PBXBuildFile; fileRef = 61C276B21EAE4D910080A1D8 /* TopicsTableViewCell.swift */; };
		61C276B61EAE4D910080A1D8 /* TopicsTableViewCell.xib in Resources */ = {isa = PBXBuildFile; fileRef = 61C276B31EAE4D910080A1D8 /* TopicsTableViewCell.xib */; };
		61C276B71EAE4D910080A1D8 /* TopicsTableViewController.swift in Sources */ = {isa = PBXBuildFile; fileRef = 61C276B41EAE4D910080A1D8 /* TopicsTableViewController.swift */; };
		61C276BF1EAE52020080A1D8 /* TopicsTableViewCellModel.swift in Sources */ = {isa = PBXBuildFile; fileRef = 61C276BD1EAE52020080A1D8 /* TopicsTableViewCellModel.swift */; };
		61C276C01EAE52020080A1D8 /* TopicsViewModel.swift in Sources */ = {isa = PBXBuildFile; fileRef = 61C276BE1EAE52020080A1D8 /* TopicsViewModel.swift */; };
		61C276C21EAE55520080A1D8 /* TopicsTableViewControllerTests.swift in Sources */ = {isa = PBXBuildFile; fileRef = 61C276C11EAE55520080A1D8 /* TopicsTableViewControllerTests.swift */; };
		61C276C41EAE55920080A1D8 /* UIStoryboard.swift in Sources */ = {isa = PBXBuildFile; fileRef = 61C276C31EAE55920080A1D8 /* UIStoryboard.swift */; };
/* End PBXBuildFile section */

/* Begin PBXContainerItemProxy section */
		61C276741EAE40AB0080A1D8 /* PBXContainerItemProxy */ = {
			isa = PBXContainerItemProxy;
			containerPortal = 61C276571EAE40AB0080A1D8 /* Project object */;
			proxyType = 1;
			remoteGlobalIDString = 61C2765E1EAE40AB0080A1D8;
			remoteInfo = DiggReddit;
		};
		61C2767F1EAE40AB0080A1D8 /* PBXContainerItemProxy */ = {
			isa = PBXContainerItemProxy;
			containerPortal = 61C276571EAE40AB0080A1D8 /* Project object */;
			proxyType = 1;
			remoteGlobalIDString = 61C2765E1EAE40AB0080A1D8;
			remoteInfo = DiggReddit;
		};
/* End PBXContainerItemProxy section */

/* Begin PBXFileReference section */
		61AD08081EAE5952005DC7FD /* TopicsTableViewCellTests.swift */ = {isa = PBXFileReference; fileEncoding = 4; lastKnownFileType = sourcecode.swift; path = TopicsTableViewCellTests.swift; sourceTree = "<group>"; };
		61AD080A1EAE59AC005DC7FD /* UIView.swift */ = {isa = PBXFileReference; fileEncoding = 4; lastKnownFileType = sourcecode.swift; path = UIView.swift; sourceTree = "<group>"; };
		61AD080C1EAE5BA1005DC7FD /* TopicsViewModelTests.swift */ = {isa = PBXFileReference; fileEncoding = 4; lastKnownFileType = sourcecode.swift; path = TopicsViewModelTests.swift; sourceTree = "<group>"; };
		61AD080E1EAE67E4005DC7FD /* TopicsTableViewCellModelTests.swift */ = {isa = PBXFileReference; fileEncoding = 4; lastKnownFileType = sourcecode.swift; path = TopicsTableViewCellModelTests.swift; sourceTree = "<group>"; };
		61C2765F1EAE40AB0080A1D8 /* DiggReddit.app */ = {isa = PBXFileReference; explicitFileType = wrapper.application; includeInIndex = 0; path = DiggReddit.app; sourceTree = BUILT_PRODUCTS_DIR; };
		61C276621EAE40AB0080A1D8 /* AppDelegate.swift */ = {isa = PBXFileReference; lastKnownFileType = sourcecode.swift; path = AppDelegate.swift; sourceTree = "<group>"; };
		61C2766E1EAE40AB0080A1D8 /* Info.plist */ = {isa = PBXFileReference; lastKnownFileType = text.plist.xml; path = Info.plist; sourceTree = "<group>"; };
		61C276731EAE40AB0080A1D8 /* DiggRedditTests.xctest */ = {isa = PBXFileReference; explicitFileType = wrapper.cfbundle; includeInIndex = 0; path = DiggRedditTests.xctest; sourceTree = BUILT_PRODUCTS_DIR; };
		61C276791EAE40AB0080A1D8 /* Info.plist */ = {isa = PBXFileReference; lastKnownFileType = text.plist.xml; path = Info.plist; sourceTree = "<group>"; };
		61C2767E1EAE40AB0080A1D8 /* DiggRedditUITests.xctest */ = {isa = PBXFileReference; explicitFileType = wrapper.cfbundle; includeInIndex = 0; path = DiggRedditUITests.xctest; sourceTree = BUILT_PRODUCTS_DIR; };
		61C276821EAE40AB0080A1D8 /* DiggRedditUITests.swift */ = {isa = PBXFileReference; lastKnownFileType = sourcecode.swift; path = DiggRedditUITests.swift; sourceTree = "<group>"; };
		61C276841EAE40AB0080A1D8 /* Info.plist */ = {isa = PBXFileReference; lastKnownFileType = text.plist.xml; path = Info.plist; sourceTree = "<group>"; };
		61C276941EAE410C0080A1D8 /* Assets.xcassets */ = {isa = PBXFileReference; lastKnownFileType = folder.assetcatalog; path = Assets.xcassets; sourceTree = "<group>"; };
		61C276991EAE42C50080A1D8 /* Topics.storyboard */ = {isa = PBXFileReference; fileEncoding = 4; lastKnownFileType = file.storyboard; path = Topics.storyboard; sourceTree = "<group>"; };
		61C2769D1EAE44760080A1D8 /* Topic.swift */ = {isa = PBXFileReference; fileEncoding = 4; lastKnownFileType = sourcecode.swift; path = Topic.swift; sourceTree = "<group>"; };
		61C276A71EAE45D40080A1D8 /* Constant.swift */ = {isa = PBXFileReference; fileEncoding = 4; lastKnownFileType = sourcecode.swift; path = Constant.swift; sourceTree = "<group>"; };
		61C276A91EAE4B340080A1D8 /* LocalizedString.swift */ = {isa = PBXFileReference; fileEncoding = 4; lastKnownFileType = sourcecode.swift; path = LocalizedString.swift; sourceTree = "<group>"; };
		61C276AE1EAE4CEE0080A1D8 /* UITableView.swift */ = {isa = PBXFileReference; fileEncoding = 4; lastKnownFileType = sourcecode.swift; path = UITableView.swift; sourceTree = "<group>"; };
		61C276B21EAE4D910080A1D8 /* TopicsTableViewCell.swift */ = {isa = PBXFileReference; fileEncoding = 4; lastKnownFileType = sourcecode.swift; path = TopicsTableViewCell.swift; sourceTree = "<group>"; };
		61C276B31EAE4D910080A1D8 /* TopicsTableViewCell.xib */ = {isa = PBXFileReference; fileEncoding = 4; lastKnownFileType = file.xib; path = TopicsTableViewCell.xib; sourceTree = "<group>"; };
		61C276B41EAE4D910080A1D8 /* TopicsTableViewController.swift */ = {isa = PBXFileReference; fileEncoding = 4; lastKnownFileType = sourcecode.swift; path = TopicsTableViewController.swift; sourceTree = "<group>"; };
		61C276BD1EAE52020080A1D8 /* TopicsTableViewCellModel.swift */ = {isa = PBXFileReference; fileEncoding = 4; lastKnownFileType = sourcecode.swift; path = TopicsTableViewCellModel.swift; sourceTree = "<group>"; };
		61C276BE1EAE52020080A1D8 /* TopicsViewModel.swift */ = {isa = PBXFileReference; fileEncoding = 4; lastKnownFileType = sourcecode.swift; path = TopicsViewModel.swift; sourceTree = "<group>"; };
		61C276C11EAE55520080A1D8 /* TopicsTableViewControllerTests.swift */ = {isa = PBXFileReference; fileEncoding = 4; lastKnownFileType = sourcecode.swift; path = TopicsTableViewControllerTests.swift; sourceTree = "<group>"; };
		61C276C31EAE55920080A1D8 /* UIStoryboard.swift */ = {isa = PBXFileReference; fileEncoding = 4; lastKnownFileType = sourcecode.swift; path = UIStoryboard.swift; sourceTree = "<group>"; };
/* End PBXFileReference section */

/* Begin PBXFrameworksBuildPhase section */
		61C2765C1EAE40AB0080A1D8 /* Frameworks */ = {
			isa = PBXFrameworksBuildPhase;
			buildActionMask = 2147483647;
			files = (
			);
			runOnlyForDeploymentPostprocessing = 0;
		};
		61C276701EAE40AB0080A1D8 /* Frameworks */ = {
			isa = PBXFrameworksBuildPhase;
			buildActionMask = 2147483647;
			files = (
			);
			runOnlyForDeploymentPostprocessing = 0;
		};
		61C2767B1EAE40AB0080A1D8 /* Frameworks */ = {
			isa = PBXFrameworksBuildPhase;
			buildActionMask = 2147483647;
			files = (
			);
			runOnlyForDeploymentPostprocessing = 0;
		};
/* End PBXFrameworksBuildPhase section */

/* Begin PBXGroup section */
		61C276561EAE40AB0080A1D8 = {
			isa = PBXGroup;
			children = (
				61C276611EAE40AB0080A1D8 /* DiggReddit */,
				61C276761EAE40AB0080A1D8 /* DiggRedditTests */,
				61C276811EAE40AB0080A1D8 /* DiggRedditUITests */,
				61C276601EAE40AB0080A1D8 /* Products */,
			);
			sourceTree = "<group>";
		};
		61C276601EAE40AB0080A1D8 /* Products */ = {
			isa = PBXGroup;
			children = (
				61C2765F1EAE40AB0080A1D8 /* DiggReddit.app */,
				61C276731EAE40AB0080A1D8 /* DiggRedditTests.xctest */,
				61C2767E1EAE40AB0080A1D8 /* DiggRedditUITests.xctest */,
			);
			name = Products;
			sourceTree = "<group>";
		};
		61C276611EAE40AB0080A1D8 /* DiggReddit */ = {
			isa = PBXGroup;
			children = (
				61C276901EAE410C0080A1D8 /* Engine */,
				61C276951EAE410C0080A1D8 /* Storyboard */,
				61C276921EAE410C0080A1D8 /* Model */,
				61C276971EAE410C0080A1D8 /* ViewModel */,
				61C276961EAE410C0080A1D8 /* View */,
				61C276931EAE410C0080A1D8 /* Resource */,
				61C276621EAE40AB0080A1D8 /* AppDelegate.swift */,
				61C2766E1EAE40AB0080A1D8 /* Info.plist */,
			);
			path = DiggReddit;
			sourceTree = "<group>";
		};
		61C276761EAE40AB0080A1D8 /* DiggRedditTests */ = {
			isa = PBXGroup;
			children = (
				61C276C11EAE55520080A1D8 /* TopicsTableViewControllerTests.swift */,
				61AD08081EAE5952005DC7FD /* TopicsTableViewCellTests.swift */,
				61AD080C1EAE5BA1005DC7FD /* TopicsViewModelTests.swift */,
				61AD080E1EAE67E4005DC7FD /* TopicsTableViewCellModelTests.swift */,
				61C276791EAE40AB0080A1D8 /* Info.plist */,
			);
			path = DiggRedditTests;
			sourceTree = "<group>";
		};
		61C276811EAE40AB0080A1D8 /* DiggRedditUITests */ = {
			isa = PBXGroup;
			children = (
				61C276821EAE40AB0080A1D8 /* DiggRedditUITests.swift */,
				61C276841EAE40AB0080A1D8 /* Info.plist */,
			);
			path = DiggRedditUITests;
			sourceTree = "<group>";
		};
		61C276901EAE410C0080A1D8 /* Engine */ = {
			isa = PBXGroup;
			children = (
				61C276911EAE410C0080A1D8 /* Constant */,
				61C276AB1EAE4BD80080A1D8 /* Extension */,
			);
			path = Engine;
			sourceTree = "<group>";
		};
		61C276911EAE410C0080A1D8 /* Constant */ = {
			isa = PBXGroup;
			children = (
				61C276A71EAE45D40080A1D8 /* Constant.swift */,
				61C276A91EAE4B340080A1D8 /* LocalizedString.swift */,
			);
			path = Constant;
			sourceTree = "<group>";
		};
		61C276921EAE410C0080A1D8 /* Model */ = {
			isa = PBXGroup;
			children = (
				61C2769D1EAE44760080A1D8 /* Topic.swift */,
			);
			path = Model;
			sourceTree = "<group>";
		};
		61C276931EAE410C0080A1D8 /* Resource */ = {
			isa = PBXGroup;
			children = (
				61C276941EAE410C0080A1D8 /* Assets.xcassets */,
			);
			path = Resource;
			sourceTree = "<group>";
		};
		61C276951EAE410C0080A1D8 /* Storyboard */ = {
			isa = PBXGroup;
			children = (
				61C276991EAE42C50080A1D8 /* Topics.storyboard */,
			);
			path = Storyboard;
			sourceTree = "<group>";
		};
		61C276961EAE410C0080A1D8 /* View */ = {
			isa = PBXGroup;
			children = (
				61C276B01EAE4D910080A1D8 /* Topics */,
			);
			path = View;
			sourceTree = "<group>";
		};
		61C276971EAE410C0080A1D8 /* ViewModel */ = {
			isa = PBXGroup;
			children = (
				61C276BC1EAE52020080A1D8 /* Topics */,
			);
			path = ViewModel;
			sourceTree = "<group>";
		};
		61C276AB1EAE4BD80080A1D8 /* Extension */ = {
			isa = PBXGroup;
			children = (
				61C276AE1EAE4CEE0080A1D8 /* UITableView.swift */,
				61C276C31EAE55920080A1D8 /* UIStoryboard.swift */,
				61AD080A1EAE59AC005DC7FD /* UIView.swift */,
			);
			path = Extension;
			sourceTree = "<group>";
		};
		61C276B01EAE4D910080A1D8 /* Topics */ = {
			isa = PBXGroup;
			children = (
				61C276B41EAE4D910080A1D8 /* TopicsTableViewController.swift */,
				61C276B11EAE4D910080A1D8 /* TopicsTableViewCell */,
			);
			path = Topics;
			sourceTree = "<group>";
		};
		61C276B11EAE4D910080A1D8 /* TopicsTableViewCell */ = {
			isa = PBXGroup;
			children = (
				61C276B21EAE4D910080A1D8 /* TopicsTableViewCell.swift */,
				61C276B31EAE4D910080A1D8 /* TopicsTableViewCell.xib */,
			);
			path = TopicsTableViewCell;
			sourceTree = "<group>";
		};
		61C276BC1EAE52020080A1D8 /* Topics */ = {
			isa = PBXGroup;
			children = (
				61C276BE1EAE52020080A1D8 /* TopicsViewModel.swift */,
				61C276BD1EAE52020080A1D8 /* TopicsTableViewCellModel.swift */,
			);
			path = Topics;
			sourceTree = "<group>";
		};
/* End PBXGroup section */

/* Begin PBXNativeTarget section */
		61C2765E1EAE40AB0080A1D8 /* DiggReddit */ = {
			isa = PBXNativeTarget;
			buildConfigurationList = 61C276871EAE40AB0080A1D8 /* Build configuration list for PBXNativeTarget "DiggReddit" */;
			buildPhases = (
				61C2765B1EAE40AB0080A1D8 /* Sources */,
				61C2765C1EAE40AB0080A1D8 /* Frameworks */,
				61C2765D1EAE40AB0080A1D8 /* Resources */,
			);
			buildRules = (
			);
			dependencies = (
			);
			name = DiggReddit;
			productName = DiggReddit;
			productReference = 61C2765F1EAE40AB0080A1D8 /* DiggReddit.app */;
			productType = "com.apple.product-type.application";
		};
		61C276721EAE40AB0080A1D8 /* DiggRedditTests */ = {
			isa = PBXNativeTarget;
			buildConfigurationList = 61C2768A1EAE40AB0080A1D8 /* Build configuration list for PBXNativeTarget "DiggRedditTests" */;
			buildPhases = (
				61C2766F1EAE40AB0080A1D8 /* Sources */,
				61C276701EAE40AB0080A1D8 /* Frameworks */,
				61C276711EAE40AB0080A1D8 /* Resources */,
			);
			buildRules = (
			);
			dependencies = (
				61C276751EAE40AB0080A1D8 /* PBXTargetDependency */,
			);
			name = DiggRedditTests;
			productName = DiggRedditTests;
			productReference = 61C276731EAE40AB0080A1D8 /* DiggRedditTests.xctest */;
			productType = "com.apple.product-type.bundle.unit-test";
		};
		61C2767D1EAE40AB0080A1D8 /* DiggRedditUITests */ = {
			isa = PBXNativeTarget;
			buildConfigurationList = 61C2768D1EAE40AB0080A1D8 /* Build configuration list for PBXNativeTarget "DiggRedditUITests" */;
			buildPhases = (
				61C2767A1EAE40AB0080A1D8 /* Sources */,
				61C2767B1EAE40AB0080A1D8 /* Frameworks */,
				61C2767C1EAE40AB0080A1D8 /* Resources */,
			);
			buildRules = (
			);
			dependencies = (
				61C276801EAE40AB0080A1D8 /* PBXTargetDependency */,
			);
			name = DiggRedditUITests;
			productName = DiggRedditUITests;
			productReference = 61C2767E1EAE40AB0080A1D8 /* DiggRedditUITests.xctest */;
			productType = "com.apple.product-type.bundle.ui-testing";
		};
/* End PBXNativeTarget section */

/* Begin PBXProject section */
		61C276571EAE40AB0080A1D8 /* Project object */ = {
			isa = PBXProject;
			attributes = {
				LastSwiftUpdateCheck = 0830;
				LastUpgradeCheck = 0830;
				ORGANIZATIONNAME = levantAJ;
				TargetAttributes = {
					61C2765E1EAE40AB0080A1D8 = {
						CreatedOnToolsVersion = 8.3.1;
						ProvisioningStyle = Automatic;
					};
					61C276721EAE40AB0080A1D8 = {
						CreatedOnToolsVersion = 8.3.1;
						LastSwiftMigration = 0830;
						ProvisioningStyle = Automatic;
						TestTargetID = 61C2765E1EAE40AB0080A1D8;
					};
					61C2767D1EAE40AB0080A1D8 = {
						CreatedOnToolsVersion = 8.3.1;
						ProvisioningStyle = Automatic;
						TestTargetID = 61C2765E1EAE40AB0080A1D8;
					};
				};
			};
			buildConfigurationList = 61C2765A1EAE40AB0080A1D8 /* Build configuration list for PBXProject "DiggReddit" */;
			compatibilityVersion = "Xcode 3.2";
			developmentRegion = English;
			hasScannedForEncodings = 0;
			knownRegions = (
				en,
				Base,
			);
			mainGroup = 61C276561EAE40AB0080A1D8;
			productRefGroup = 61C276601EAE40AB0080A1D8 /* Products */;
			projectDirPath = "";
			projectRoot = "";
			targets = (
				61C2765E1EAE40AB0080A1D8 /* DiggReddit */,
				61C276721EAE40AB0080A1D8 /* DiggRedditTests */,
				61C2767D1EAE40AB0080A1D8 /* DiggRedditUITests */,
			);
		};
/* End PBXProject section */

/* Begin PBXResourcesBuildPhase section */
		61C2765D1EAE40AB0080A1D8 /* Resources */ = {
			isa = PBXResourcesBuildPhase;
			buildActionMask = 2147483647;
			files = (
				61C276981EAE410C0080A1D8 /* Assets.xcassets in Resources */,
				61C276B61EAE4D910080A1D8 /* TopicsTableViewCell.xib in Resources */,
				61C2769A1EAE42C50080A1D8 /* Topics.storyboard in Resources */,
			);
			runOnlyForDeploymentPostprocessing = 0;
		};
		61C276711EAE40AB0080A1D8 /* Resources */ = {
			isa = PBXResourcesBuildPhase;
			buildActionMask = 2147483647;
			files = (
			);
			runOnlyForDeploymentPostprocessing = 0;
		};
		61C2767C1EAE40AB0080A1D8 /* Resources */ = {
			isa = PBXResourcesBuildPhase;
			buildActionMask = 2147483647;
			files = (
			);
			runOnlyForDeploymentPostprocessing = 0;
		};
/* End PBXResourcesBuildPhase section */

/* Begin PBXSourcesBuildPhase section */
		61C2765B1EAE40AB0080A1D8 /* Sources */ = {
			isa = PBXSourcesBuildPhase;
			buildActionMask = 2147483647;
			files = (
				61C276B51EAE4D910080A1D8 /* TopicsTableViewCell.swift in Sources */,
				61C2769E1EAE44760080A1D8 /* Topic.swift in Sources */,
				61AD080B1EAE59AC005DC7FD /* UIView.swift in Sources */,
				61C276AA1EAE4B340080A1D8 /* LocalizedString.swift in Sources */,
				61C276A81EAE45D40080A1D8 /* Constant.swift in Sources */,
				61C276631EAE40AB0080A1D8 /* AppDelegate.swift in Sources */,
				61C276AF1EAE4CEE0080A1D8 /* UITableView.swift in Sources */,
				61C276C41EAE55920080A1D8 /* UIStoryboard.swift in Sources */,
				61C276B71EAE4D910080A1D8 /* TopicsTableViewController.swift in Sources */,
				61C276BF1EAE52020080A1D8 /* TopicsTableViewCellModel.swift in Sources */,
				61C276C01EAE52020080A1D8 /* TopicsViewModel.swift in Sources */,
			);
			runOnlyForDeploymentPostprocessing = 0;
		};
		61C2766F1EAE40AB0080A1D8 /* Sources */ = {
			isa = PBXSourcesBuildPhase;
			buildActionMask = 2147483647;
			files = (
				61C276C21EAE55520080A1D8 /* TopicsTableViewControllerTests.swift in Sources */,
				61AD080D1EAE5BA1005DC7FD /* TopicsViewModelTests.swift in Sources */,
				61AD08091EAE5952005DC7FD /* TopicsTableViewCellTests.swift in Sources */,
				61AD080F1EAE67E4005DC7FD /* TopicsTableViewCellModelTests.swift in Sources */,
			);
			runOnlyForDeploymentPostprocessing = 0;
		};
		61C2767A1EAE40AB0080A1D8 /* Sources */ = {
			isa = PBXSourcesBuildPhase;
			buildActionMask = 2147483647;
			files = (
				61C276831EAE40AB0080A1D8 /* DiggRedditUITests.swift in Sources */,
			);
			runOnlyForDeploymentPostprocessing = 0;
		};
/* End PBXSourcesBuildPhase section */

/* Begin PBXTargetDependency section */
		61C276751EAE40AB0080A1D8 /* PBXTargetDependency */ = {
			isa = PBXTargetDependency;
			target = 61C2765E1EAE40AB0080A1D8 /* DiggReddit */;
			targetProxy = 61C276741EAE40AB0080A1D8 /* PBXContainerItemProxy */;
		};
		61C276801EAE40AB0080A1D8 /* PBXTargetDependency */ = {
			isa = PBXTargetDependency;
			target = 61C2765E1EAE40AB0080A1D8 /* DiggReddit */;
			targetProxy = 61C2767F1EAE40AB0080A1D8 /* PBXContainerItemProxy */;
		};
/* End PBXTargetDependency section */

/* Begin XCBuildConfiguration section */
		61C276851EAE40AB0080A1D8 /* Debug */ = {
			isa = XCBuildConfiguration;
			buildSettings = {
				ALWAYS_SEARCH_USER_PATHS = NO;
				CLANG_ANALYZER_NONNULL = YES;
				CLANG_ANALYZER_NUMBER_OBJECT_CONVERSION = YES_AGGRESSIVE;
				CLANG_CXX_LANGUAGE_STANDARD = "gnu++0x";
				CLANG_CXX_LIBRARY = "libc++";
				CLANG_ENABLE_MODULES = YES;
				CLANG_ENABLE_OBJC_ARC = YES;
				CLANG_WARN_BOOL_CONVERSION = YES;
				CLANG_WARN_CONSTANT_CONVERSION = YES;
				CLANG_WARN_DIRECT_OBJC_ISA_USAGE = YES_ERROR;
				CLANG_WARN_DOCUMENTATION_COMMENTS = YES;
				CLANG_WARN_EMPTY_BODY = YES;
				CLANG_WARN_ENUM_CONVERSION = YES;
				CLANG_WARN_INFINITE_RECURSION = YES;
				CLANG_WARN_INT_CONVERSION = YES;
				CLANG_WARN_OBJC_ROOT_CLASS = YES_ERROR;
				CLANG_WARN_SUSPICIOUS_MOVE = YES;
				CLANG_WARN_UNREACHABLE_CODE = YES;
				CLANG_WARN__DUPLICATE_METHOD_MATCH = YES;
				"CODE_SIGN_IDENTITY[sdk=iphoneos*]" = "iPhone Developer";
				COPY_PHASE_STRIP = NO;
				DEBUG_INFORMATION_FORMAT = dwarf;
				ENABLE_STRICT_OBJC_MSGSEND = YES;
				ENABLE_TESTABILITY = YES;
				GCC_C_LANGUAGE_STANDARD = gnu99;
				GCC_DYNAMIC_NO_PIC = NO;
				GCC_NO_COMMON_BLOCKS = YES;
				GCC_OPTIMIZATION_LEVEL = 0;
				GCC_PREPROCESSOR_DEFINITIONS = (
					"DEBUG=1",
					"$(inherited)",
				);
				GCC_WARN_64_TO_32_BIT_CONVERSION = YES;
				GCC_WARN_ABOUT_RETURN_TYPE = YES_ERROR;
				GCC_WARN_UNDECLARED_SELECTOR = YES;
				GCC_WARN_UNINITIALIZED_AUTOS = YES_AGGRESSIVE;
				GCC_WARN_UNUSED_FUNCTION = YES;
				GCC_WARN_UNUSED_VARIABLE = YES;
				IPHONEOS_DEPLOYMENT_TARGET = 10.3;
				MTL_ENABLE_DEBUG_INFO = YES;
				ONLY_ACTIVE_ARCH = YES;
				SDKROOT = iphoneos;
				SWIFT_ACTIVE_COMPILATION_CONDITIONS = DEBUG;
				SWIFT_OPTIMIZATION_LEVEL = "-Onone";
			};
			name = Debug;
		};
		61C276861EAE40AB0080A1D8 /* Release */ = {
			isa = XCBuildConfiguration;
			buildSettings = {
				ALWAYS_SEARCH_USER_PATHS = NO;
				CLANG_ANALYZER_NONNULL = YES;
				CLANG_ANALYZER_NUMBER_OBJECT_CONVERSION = YES_AGGRESSIVE;
				CLANG_CXX_LANGUAGE_STANDARD = "gnu++0x";
				CLANG_CXX_LIBRARY = "libc++";
				CLANG_ENABLE_MODULES = YES;
				CLANG_ENABLE_OBJC_ARC = YES;
				CLANG_WARN_BOOL_CONVERSION = YES;
				CLANG_WARN_CONSTANT_CONVERSION = YES;
				CLANG_WARN_DIRECT_OBJC_ISA_USAGE = YES_ERROR;
				CLANG_WARN_DOCUMENTATION_COMMENTS = YES;
				CLANG_WARN_EMPTY_BODY = YES;
				CLANG_WARN_ENUM_CONVERSION = YES;
				CLANG_WARN_INFINITE_RECURSION = YES;
				CLANG_WARN_INT_CONVERSION = YES;
				CLANG_WARN_OBJC_ROOT_CLASS = YES_ERROR;
				CLANG_WARN_SUSPICIOUS_MOVE = YES;
				CLANG_WARN_UNREACHABLE_CODE = YES;
				CLANG_WARN__DUPLICATE_METHOD_MATCH = YES;
				"CODE_SIGN_IDENTITY[sdk=iphoneos*]" = "iPhone Developer";
				COPY_PHASE_STRIP = NO;
				DEBUG_INFORMATION_FORMAT = "dwarf-with-dsym";
				ENABLE_NS_ASSERTIONS = NO;
				ENABLE_STRICT_OBJC_MSGSEND = YES;
				GCC_C_LANGUAGE_STANDARD = gnu99;
				GCC_NO_COMMON_BLOCKS = YES;
				GCC_WARN_64_TO_32_BIT_CONVERSION = YES;
				GCC_WARN_ABOUT_RETURN_TYPE = YES_ERROR;
				GCC_WARN_UNDECLARED_SELECTOR = YES;
				GCC_WARN_UNINITIALIZED_AUTOS = YES_AGGRESSIVE;
				GCC_WARN_UNUSED_FUNCTION = YES;
				GCC_WARN_UNUSED_VARIABLE = YES;
				IPHONEOS_DEPLOYMENT_TARGET = 10.3;
				MTL_ENABLE_DEBUG_INFO = NO;
				SDKROOT = iphoneos;
				SWIFT_OPTIMIZATION_LEVEL = "-Owholemodule";
				VALIDATE_PRODUCT = YES;
			};
			name = Release;
		};
		61C276881EAE40AB0080A1D8 /* Debug */ = {
			isa = XCBuildConfiguration;
			buildSettings = {
				ASSETCATALOG_COMPILER_APPICON_NAME = AppIcon;
				INFOPLIST_FILE = DiggReddit/Info.plist;
				LD_RUNPATH_SEARCH_PATHS = "$(inherited) @executable_path/Frameworks";
				PRODUCT_BUNDLE_IDENTIFIER = com.levantAJ.DiggReddit;
				PRODUCT_NAME = "$(TARGET_NAME)";
				SWIFT_VERSION = 3.0;
			};
			name = Debug;
		};
		61C276891EAE40AB0080A1D8 /* Release */ = {
			isa = XCBuildConfiguration;
			buildSettings = {
				ASSETCATALOG_COMPILER_APPICON_NAME = AppIcon;
				INFOPLIST_FILE = DiggReddit/Info.plist;
				LD_RUNPATH_SEARCH_PATHS = "$(inherited) @executable_path/Frameworks";
				PRODUCT_BUNDLE_IDENTIFIER = com.levantAJ.DiggReddit;
				PRODUCT_NAME = "$(TARGET_NAME)";
				SWIFT_VERSION = 3.0;
			};
			name = Release;
		};
		61C2768B1EAE40AB0080A1D8 /* Debug */ = {
			isa = XCBuildConfiguration;
			buildSettings = {
				ALWAYS_EMBED_SWIFT_STANDARD_LIBRARIES = YES;
				BUNDLE_LOADER = "$(TEST_HOST)";
				CLANG_ENABLE_MODULES = YES;
				INFOPLIST_FILE = DiggRedditTests/Info.plist;
				LD_RUNPATH_SEARCH_PATHS = "$(inherited) @executable_path/Frameworks @loader_path/Frameworks";
				PRODUCT_BUNDLE_IDENTIFIER = com.levantAJ.DiggRedditTests;
				PRODUCT_NAME = "$(TARGET_NAME)";
				SWIFT_OPTIMIZATION_LEVEL = "-Onone";
				SWIFT_VERSION = 3.0;
				TEST_HOST = "$(BUILT_PRODUCTS_DIR)/DiggReddit.app/DiggReddit";
			};
			name = Debug;
		};
		61C2768C1EAE40AB0080A1D8 /* Release */ = {
			isa = XCBuildConfiguration;
			buildSettings = {
				ALWAYS_EMBED_SWIFT_STANDARD_LIBRARIES = YES;
				BUNDLE_LOADER = "$(TEST_HOST)";
				CLANG_ENABLE_MODULES = YES;
				INFOPLIST_FILE = DiggRedditTests/Info.plist;
				LD_RUNPATH_SEARCH_PATHS = "$(inherited) @executable_path/Frameworks @loader_path/Frameworks";
				PRODUCT_BUNDLE_IDENTIFIER = com.levantAJ.DiggRedditTests;
				PRODUCT_NAME = "$(TARGET_NAME)";
				SWIFT_VERSION = 3.0;
				TEST_HOST = "$(BUILT_PRODUCTS_DIR)/DiggReddit.app/DiggReddit";
			};
			name = Release;
		};
		61C2768E1EAE40AB0080A1D8 /* Debug */ = {
			isa = XCBuildConfiguration;
			buildSettings = {
				ALWAYS_EMBED_SWIFT_STANDARD_LIBRARIES = YES;
				INFOPLIST_FILE = DiggRedditUITests/Info.plist;
				LD_RUNPATH_SEARCH_PATHS = "$(inherited) @executable_path/Frameworks @loader_path/Frameworks";
				PRODUCT_BUNDLE_IDENTIFIER = com.levantAJ.DiggRedditUITests;
				PRODUCT_NAME = "$(TARGET_NAME)";
				SWIFT_VERSION = 3.0;
				TEST_TARGET_NAME = DiggReddit;
			};
			name = Debug;
		};
		61C2768F1EAE40AB0080A1D8 /* Release */ = {
			isa = XCBuildConfiguration;
			buildSettings = {
				ALWAYS_EMBED_SWIFT_STANDARD_LIBRARIES = YES;
				INFOPLIST_FILE = DiggRedditUITests/Info.plist;
				LD_RUNPATH_SEARCH_PATHS = "$(inherited) @executable_path/Frameworks @loader_path/Frameworks";
				PRODUCT_BUNDLE_IDENTIFIER = com.levantAJ.DiggRedditUITests;
				PRODUCT_NAME = "$(TARGET_NAME)";
				SWIFT_VERSION = 3.0;
				TEST_TARGET_NAME = DiggReddit;
			};
			name = Release;
		};
/* End XCBuildConfiguration section */

/* Begin XCConfigurationList section */
		61C2765A1EAE40AB0080A1D8 /* Build configuration list for PBXProject "DiggReddit" */ = {
			isa = XCConfigurationList;
			buildConfigurations = (
				61C276851EAE40AB0080A1D8 /* Debug */,
				61C276861EAE40AB0080A1D8 /* Release */,
			);
			defaultConfigurationIsVisible = 0;
			defaultConfigurationName = Release;
		};
		61C276871EAE40AB0080A1D8 /* Build configuration list for PBXNativeTarget "DiggReddit" */ = {
			isa = XCConfigurationList;
			buildConfigurations = (
				61C276881EAE40AB0080A1D8 /* Debug */,
				61C276891EAE40AB0080A1D8 /* Release */,
			);
			defaultConfigurationIsVisible = 0;
			defaultConfigurationName = Release;
		};
		61C2768A1EAE40AB0080A1D8 /* Build configuration list for PBXNativeTarget "DiggRedditTests" */ = {
			isa = XCConfigurationList;
			buildConfigurations = (
				61C2768B1EAE40AB0080A1D8 /* Debug */,
				61C2768C1EAE40AB0080A1D8 /* Release */,
			);
			defaultConfigurationIsVisible = 0;
			defaultConfigurationName = Release;
		};
		61C2768D1EAE40AB0080A1D8 /* Build configuration list for PBXNativeTarget "DiggRedditUITests" */ = {
			isa = XCConfigurationList;
			buildConfigurations = (
				61C2768E1EAE40AB0080A1D8 /* Debug */,
				61C2768F1EAE40AB0080A1D8 /* Release */,
			);
			defaultConfigurationIsVisible = 0;
			defaultConfigurationName = Release;
		};
/* End XCConfigurationList section */
	};
	rootObject = 61C276571EAE40AB0080A1D8 /* Project object */;
}
